github.com/jszwec/csvutil v1.10.0 h1:upMDUxhQKqZ5ZDCs/wy+8Kib8rZR8I8lOR34yJkdqhI=
github.com/jszwec/csvutil v1.10.0/go.mod h1:/E4ONrmGkwmWsk9ae9jpXnv9QT8pLHEPcCirMFhxG9I=
golang.org/x/text v0.42.0 h1:JbOZXgfeCPU9gacVtYliJqOhD+zhrEqK4LfdpmlUZqI=
golang.org/x/text v0.42.0/go.mod h1:ojzP1Z+2QtioaF8DTtO8K5q7JWVVYwZKenzujK0Zd0E=
